
Microsoft Visual Studio Solution File, Format Version 12.00
Project("{FAE04EC0-301F-11D3-BF4B-00C04F79EFBC}") = "Elastic.Kibana.Serilog.WebApi", "Elastic.Kibana.Serilog.WebApi\Elastic.Kibana.Serilog.WebApi.csproj", "{85E075E7-C7AE-4F30-92D5-52B81731787F}"
EndProject
Global
	GlobalSection(SolutionConfigurationPlatforms) = preSolution
		Debug|Any CPU = Debug|Any CPU
		Release|Any CPU = Release|Any CPU
	EndGlobalSection
	GlobalSection(ProjectConfigurationPlatforms) = postSolution
		{85E075E7-C7AE-4F30-92D5-52B81731787F}.Debug|Any CPU.ActiveCfg = Debug|Any CPU
		{85E075E7-C7AE-4F30-92D5-52B81731787F}.Debug|Any CPU.Build.0 = Debug|Any CPU
		{85E075E7-C7AE-4F30-92D5-52B81731787F}.Release|Any CPU.ActiveCfg = Release|Any CPU
		{85E075E7-C7AE-4F30-92D5-52B81731787F}.Release|Any CPU.Build.0 = Release|Any CPU
	EndGlobalSection
EndGlobal
